name: TerminateCidrBlock
product: bmc
use: terminate-cidr-block
short: Returns a CIDR block
long: return a CIDR block.
examples:
- cmd: zeno bmc terminate-cidr-block --cidr-block-id cidrBlockId
  desc: ''
sdk:
  service: bmc
  version: '2026-02-01'
  action: TerminateCidrBlock
parameters:
- name: cidr-block-id
  type: string
  required: true
  sdk-field: cidrBlockId
  description: |-
    ID of the CIDR block.
    You can find the cidrBlockId in the response by calling DescribeCidrBlocks .
